<Solution>
  <Folder Name="/Solution Items/">
    <File Path="CLAUDE.md"/>
    <File Path="Directory.Build.props"/>
    <File Path="Directory.Packages.props"/>
    <File Path="global.json"/>
    <File Path="LICENSE"/>
    <File Path="NuGet.config"/>
    <File Path="README.md"/>
  </Folder>
  <Folder Name="/src/">
    <Project Path="src/DotnetTokenKiller.Application/DotnetTokenKiller.Application.csproj"/>
    <Project Path="src/DotnetTokenKiller.Cli/DotnetTokenKiller.Cli.csproj"/>
    <Project Path="src/DotnetTokenKiller.Domain/DotnetTokenKiller.Domain.csproj"/>
    <Project Path="src/DotnetTokenKiller.Infrastructure/DotnetTokenKiller.Infrastructure.csproj"/>
  </Folder>
  <Folder Name="/benchmarks/">
    <Project Path="benchmarks/DotnetTokenKiller.Benchmarks/DotnetTokenKiller.Benchmarks.csproj"/>
  </Folder>
  <Folder Name="/tests/">
    <Project Path="tests/DotnetTokenKiller.Application.Tests/DotnetTokenKiller.Application.Tests.csproj"/>
    <Project Path="tests/DotnetTokenKiller.Cli.IntegrationTests/DotnetTokenKiller.Cli.IntegrationTests.csproj"/>
    <Project Path="tests/DotnetTokenKiller.Domain.Tests/DotnetTokenKiller.Domain.Tests.csproj"/>
    <Project Path="tests/DotnetTokenKiller.Infrastructure.Tests/DotnetTokenKiller.Infrastructure.Tests.csproj"/>
  </Folder>
</Solution>
